
Microsoft Visual Studio Solution File, Format Version 12.00
# Visual Studio Version 17
VisualStudioVersion = 17.7.34031.279
MinimumVisualStudioVersion = 10.0.40219.1
Project("{FAE04EC0-301F-11D3-BF4B-00C04F79EFBC}") = "Q1", "Q1\Q1.csproj", "{7FEAB8BE-0B40-4D62-80FA-190F5668D79A}"
EndProject
Project("{2150E333-8FDC-42A3-9474-1A3956D46DE8}") = "Solution Items", "Solution Items", "{63C6A4D6-9CD0-4E21-AABE-FDB2CD39A97A}"
EndProject
Project("{FAE04EC0-301F-11D3-BF4B-00C04F79EFBC}") = "Q3", "Q2\Q3.csproj", "{60B697EF-5635-46A1-B4FC-675FFF17728D}"
EndProject
Project("{FAE04EC0-301F-11D3-BF4B-00C04F79EFBC}") = "Q4", "Q4\Q4.csproj", "{07D32626-74C1-4725-9553-C4F018279DE8}"
EndProject
Project("{FAE04EC0-301F-11D3-BF4B-00C04F79EFBC}") = "Q5", "Q5\Q5.csproj", "{77719BF6-5507-4B43-89E8-65653A2685AF}"
EndProject
Project("{FAE04EC0-301F-11D3-BF4B-00C04F79EFBC}") = "Q6", "Q6\Q6.csproj", "{FDA191BE-DA5A-4B8C-9E9E-2766BC9870D9}"
EndProject
Project("{FAE04EC0-301F-11D3-BF4B-00C04F79EFBC}") = "Q7", "Q7\Q7.csproj", "{5365FC03-FB78-4D77-A636-194106427DB6}"
EndProject
Global
	GlobalSection(SolutionConfigurationPlatforms) = preSolution
		Debug|Any CPU = Debug|Any CPU
		Release|Any CPU = Release|Any CPU
	EndGlobalSection
	GlobalSection(ProjectConfigurationPlatforms) = postSolution
		{7FEAB8BE-0B40-4D62-80FA-190F5668D79A}.Debug|Any CPU.ActiveCfg = Debug|Any CPU
		{7FEAB8BE-0B40-4D62-80FA-190F5668D79A}.Debug|Any CPU.Build.0 = Debug|Any CPU
		{7FEAB8BE-0B40-4D62-80FA-190F5668D79A}.Release|Any CPU.ActiveCfg = Release|Any CPU
		{7FEAB8BE-0B40-4D62-80FA-190F5668D79A}.Release|Any CPU.Build.0 = Release|Any CPU
		{60B697EF-5635-46A1-B4FC-675FFF17728D}.Debug|Any CPU.ActiveCfg = Debug|Any CPU
		{60B697EF-5635-46A1-B4FC-675FFF17728D}.Debug|Any CPU.Build.0 = Debug|Any CPU
		{60B697EF-5635-46A1-B4FC-675FFF17728D}.Release|Any CPU.ActiveCfg = Release|Any CPU
		{60B697EF-5635-46A1-B4FC-675FFF17728D}.Release|Any CPU.Build.0 = Release|Any CPU
		{07D32626-74C1-4725-9553-C4F018279DE8}.Debug|Any CPU.ActiveCfg = Debug|Any CPU
		{07D32626-74C1-4725-9553-C4F018279DE8}.Debug|Any CPU.Build.0 = Debug|Any CPU
		{07D32626-74C1-4725-9553-C4F018279DE8}.Release|Any CPU.ActiveCfg = Release|Any CPU
		{07D32626-74C1-4725-9553-C4F018279DE8}.Release|Any CPU.Build.0 = Release|Any CPU
		{77719BF6-5507-4B43-89E8-65653A2685AF}.Debug|Any CPU.ActiveCfg = Debug|Any CPU
		{77719BF6-5507-4B43-89E8-65653A2685AF}.Debug|Any CPU.Build.0 = Debug|Any CPU
		{77719BF6-5507-4B43-89E8-65653A2685AF}.Release|Any CPU.ActiveCfg = Release|Any CPU
		{77719BF6-5507-4B43-89E8-65653A2685AF}.Release|Any CPU.Build.0 = Release|Any CPU
		{FDA191BE-DA5A-4B8C-9E9E-2766BC9870D9}.Debug|Any CPU.ActiveCfg = Debug|Any CPU
		{FDA191BE-DA5A-4B8C-9E9E-2766BC9870D9}.Debug|Any CPU.Build.0 = Debug|Any CPU
		{FDA191BE-DA5A-4B8C-9E9E-2766BC9870D9}.Release|Any CPU.ActiveCfg = Release|Any CPU
		{FDA191BE-DA5A-4B8C-9E9E-2766BC9870D9}.Release|Any CPU.Build.0 = Release|Any CPU
		{5365FC03-FB78-4D77-A636-194106427DB6}.Debug|Any CPU.ActiveCfg = Debug|Any CPU
		{5365FC03-FB78-4D77-A636-194106427DB6}.Debug|Any CPU.Build.0 = Debug|Any CPU
		{5365FC03-FB78-4D77-A636-194106427DB6}.Release|Any CPU.ActiveCfg = Release|Any CPU
		{5365FC03-FB78-4D77-A636-194106427DB6}.Release|Any CPU.Build.0 = Release|Any CPU
	EndGlobalSection
	GlobalSection(SolutionProperties) = preSolution
		HideSolutionNode = FALSE
	EndGlobalSection
	GlobalSection(ExtensibilityGlobals) = postSolution
		SolutionGuid = {C49B1069-EBDE-46F0-BEFD-73A455A462CD}
	EndGlobalSection
EndGlobal
